
Microsoft Visual Studio Solution File, Format Version 12.00
# Visual Studio 15
VisualStudioVersion = 15.0.27428.2037
MinimumVisualStudioVersion = 10.0.40219.1
Project("{FAE04EC0-301F-11D3-BF4B-00C04F79EFBC}") = "ConsoleApp1", "ConsoleApp1\ConsoleApp1.csproj", "{C29F4C3E-1331-43D3-BD36-569EC92ED63B}"
EndProject
Project("{FAE04EC0-301F-11D3-BF4B-00C04F79EFBC}") = "Management", "Management\Management.csproj", "{C7B16B4B-1C2F-4201-BF90-E66A877EFCDE}"
EndProject
Project("{FAE04EC0-301F-11D3-BF4B-00C04F79EFBC}") = "Common", "Common\Common.csproj", "{623DB3C4-7307-45E1-916D-CC10F286F328}"
EndProject
Project("{FAE04EC0-301F-11D3-BF4B-00C04F79EFBC}") = "Management.Test", "Management.Test\Management.Test.csproj", "{851AD9BF-D70F-4A2E-84C3-12637B498EBC}"
EndProject
Global
	GlobalSection(SolutionConfigurationPlatforms) = preSolution
		Debug|Any CPU = Debug|Any CPU
		Release|Any CPU = Release|Any CPU
	EndGlobalSection
	GlobalSection(ProjectConfigurationPlatforms) = postSolution
		{C29F4C3E-1331-43D3-BD36-569EC92ED63B}.Debug|Any CPU.ActiveCfg = Debug|Any CPU
		{C29F4C3E-1331-43D3-BD36-569EC92ED63B}.Debug|Any CPU.Build.0 = Debug|Any CPU
		{C29F4C3E-1331-43D3-BD36-569EC92ED63B}.Release|Any CPU.ActiveCfg = Release|Any CPU
		{C29F4C3E-1331-43D3-BD36-569EC92ED63B}.Release|Any CPU.Build.0 = Release|Any CPU
		{C7B16B4B-1C2F-4201-BF90-E66A877EFCDE}.Debug|Any CPU.ActiveCfg = Debug|Any CPU
		{C7B16B4B-1C2F-4201-BF90-E66A877EFCDE}.Debug|Any CPU.Build.0 = Debug|Any CPU
		{C7B16B4B-1C2F-4201-BF90-E66A877EFCDE}.Release|Any CPU.ActiveCfg = Release|Any CPU
		{C7B16B4B-1C2F-4201-BF90-E66A877EFCDE}.Release|Any CPU.Build.0 = Release|Any CPU
		{623DB3C4-7307-45E1-916D-CC10F286F328}.Debug|Any CPU.ActiveCfg = Debug|Any CPU
		{623DB3C4-7307-45E1-916D-CC10F286F328}.Debug|Any CPU.Build.0 = Debug|Any CPU
		{623DB3C4-7307-45E1-916D-CC10F286F328}.Release|Any CPU.ActiveCfg = Release|Any CPU
		{623DB3C4-7307-45E1-916D-CC10F286F328}.Release|Any CPU.Build.0 = Release|Any CPU
		{851AD9BF-D70F-4A2E-84C3-12637B498EBC}.Debug|Any CPU.ActiveCfg = Debug|Any CPU
		{851AD9BF-D70F-4A2E-84C3-12637B498EBC}.Debug|Any CPU.Build.0 = Debug|Any CPU
		{851AD9BF-D70F-4A2E-84C3-12637B498EBC}.Release|Any CPU.ActiveCfg = Release|Any CPU
		{851AD9BF-D70F-4A2E-84C3-12637B498EBC}.Release|Any CPU.Build.0 = Release|Any CPU
	EndGlobalSection
	GlobalSection(SolutionProperties) = preSolution
		HideSolutionNode = FALSE
	EndGlobalSection
	GlobalSection(ExtensibilityGlobals) = postSolution
		SolutionGuid = {994D5EBD-6F5F-4315-A270-123E55CFC623}
	EndGlobalSection
EndGlobal
